
Microsoft Visual Studio Solution File, Format Version 12.00
# Visual Studio Version 16
VisualStudioVersion = 16.0.30804.86
MinimumVisualStudioVersion = 10.0.40219.1
Project("{8BC9CEB8-8B4A-11D0-8D11-00A0C91BC942}") = "Day of the Week 1185", "Day of the Week 1185\Day of the Week 1185.vcxproj", "{EDC0FCCF-4177-4BB1-B198-09D0812B54DD}"
EndProject
Global
	GlobalSection(SolutionConfigurationPlatforms) = preSolution
		Debug|x64 = Debug|x64
		Debug|x86 = Debug|x86
		Release|x64 = Release|x64
		Release|x86 = Release|x86
	EndGlobalSection
	GlobalSection(ProjectConfigurationPlatforms) = postSolution
		{EDC0FCCF-4177-4BB1-B198-09D0812B54DD}.Debug|x64.ActiveCfg = Debug|x64
		{EDC0FCCF-4177-4BB1-B198-09D0812B54DD}.Debug|x64.Build.0 = Debug|x64
		{EDC0FCCF-4177-4BB1-B198-09D0812B54DD}.Debug|x86.ActiveCfg = Debug|Win32
		{EDC0FCCF-4177-4BB1-B198-09D0812B54DD}.Debug|x86.Build.0 = Debug|Win32
		{EDC0FCCF-4177-4BB1-B198-09D0812B54DD}.Release|x64.ActiveCfg = Release|x64
		{EDC0FCCF-4177-4BB1-B198-09D0812B54DD}.Release|x64.Build.0 = Release|x64
		{EDC0FCCF-4177-4BB1-B198-09D0812B54DD}.Release|x86.ActiveCfg = Release|Win32
		{EDC0FCCF-4177-4BB1-B198-09D0812B54DD}.Release|x86.Build.0 = Release|Win32
	EndGlobalSection
	GlobalSection(SolutionProperties) = preSolution
		HideSolutionNode = FALSE
	EndGlobalSection
	GlobalSection(ExtensibilityGlobals) = postSolution
		SolutionGuid = {E927255F-FC9B-451F-86A4-5A1B451C9AF5}
	EndGlobalSection
EndGlobal
