
Microsoft Visual Studio Solution File, Format Version 12.00
# Visual Studio Version 16
VisualStudioVersion = 16.0.30804.86
MinimumVisualStudioVersion = 10.0.40219.1
Project("{8BC9CEB8-8B4A-11D0-8D11-00A0C91BC942}") = "Lucky Numbers in a Matrix 1380", "Lucky Numbers in a Matrix 1380\Lucky Numbers in a Matrix 1380.vcxproj", "{9843FEDC-443F-446C-BBF5-7C49678FF4F7}"
EndProject
Global
	GlobalSection(SolutionConfigurationPlatforms) = preSolution
		Debug|x64 = Debug|x64
		Debug|x86 = Debug|x86
		Release|x64 = Release|x64
		Release|x86 = Release|x86
	EndGlobalSection
	GlobalSection(ProjectConfigurationPlatforms) = postSolution
		{9843FEDC-443F-446C-BBF5-7C49678FF4F7}.Debug|x64.ActiveCfg = Debug|x64
		{9843FEDC-443F-446C-BBF5-7C49678FF4F7}.Debug|x64.Build.0 = Debug|x64
		{9843FEDC-443F-446C-BBF5-7C49678FF4F7}.Debug|x86.ActiveCfg = Debug|Win32
		{9843FEDC-443F-446C-BBF5-7C49678FF4F7}.Debug|x86.Build.0 = Debug|Win32
		{9843FEDC-443F-446C-BBF5-7C49678FF4F7}.Release|x64.ActiveCfg = Release|x64
		{9843FEDC-443F-446C-BBF5-7C49678FF4F7}.Release|x64.Build.0 = Release|x64
		{9843FEDC-443F-446C-BBF5-7C49678FF4F7}.Release|x86.ActiveCfg = Release|Win32
		{9843FEDC-443F-446C-BBF5-7C49678FF4F7}.Release|x86.Build.0 = Release|Win32
	EndGlobalSection
	GlobalSection(SolutionProperties) = preSolution
		HideSolutionNode = FALSE
	EndGlobalSection
	GlobalSection(ExtensibilityGlobals) = postSolution
		SolutionGuid = {150439E3-D8E0-4542-9A81-06003769DA3A}
	EndGlobalSection
EndGlobal
