
Microsoft Visual Studio Solution File, Format Version 12.00
# Visual Studio Version 16
VisualStudioVersion = 16.0.30804.86
MinimumVisualStudioVersion = 10.0.40219.1
Project("{8BC9CEB8-8B4A-11D0-8D11-00A0C91BC942}") = "Fibonacci Number 509", "Fibonacci Number 509\Fibonacci Number 509.vcxproj", "{CD30703A-E36C-4674-924B-4214627D619A}"
EndProject
Global
	GlobalSection(SolutionConfigurationPlatforms) = preSolution
		Debug|x64 = Debug|x64
		Debug|x86 = Debug|x86
		Release|x64 = Release|x64
		Release|x86 = Release|x86
	EndGlobalSection
	GlobalSection(ProjectConfigurationPlatforms) = postSolution
		{CD30703A-E36C-4674-924B-4214627D619A}.Debug|x64.ActiveCfg = Debug|x64
		{CD30703A-E36C-4674-924B-4214627D619A}.Debug|x64.Build.0 = Debug|x64
		{CD30703A-E36C-4674-924B-4214627D619A}.Debug|x86.ActiveCfg = Debug|Win32
		{CD30703A-E36C-4674-924B-4214627D619A}.Debug|x86.Build.0 = Debug|Win32
		{CD30703A-E36C-4674-924B-4214627D619A}.Release|x64.ActiveCfg = Release|x64
		{CD30703A-E36C-4674-924B-4214627D619A}.Release|x64.Build.0 = Release|x64
		{CD30703A-E36C-4674-924B-4214627D619A}.Release|x86.ActiveCfg = Release|Win32
		{CD30703A-E36C-4674-924B-4214627D619A}.Release|x86.Build.0 = Release|Win32
	EndGlobalSection
	GlobalSection(SolutionProperties) = preSolution
		HideSolutionNode = FALSE
	EndGlobalSection
	GlobalSection(ExtensibilityGlobals) = postSolution
		SolutionGuid = {A70D4E40-4D0F-43E2-A79C-741E21AE7EAF}
	EndGlobalSection
EndGlobal
