
Microsoft Visual Studio Solution File, Format Version 12.00
# Visual Studio Version 16
VisualStudioVersion = 16.0.30804.86
MinimumVisualStudioVersion = 10.0.40219.1
Project("{8BC9CEB8-8B4A-11D0-8D11-00A0C91BC942}") = "Count Number of Teams 1395", "Count Number of Teams 1395\Count Number of Teams 1395.vcxproj", "{2524DF46-27E2-490B-AE93-56ACAE2BE237}"
EndProject
Global
	GlobalSection(SolutionConfigurationPlatforms) = preSolution
		Debug|x64 = Debug|x64
		Debug|x86 = Debug|x86
		Release|x64 = Release|x64
		Release|x86 = Release|x86
	EndGlobalSection
	GlobalSection(ProjectConfigurationPlatforms) = postSolution
		{2524DF46-27E2-490B-AE93-56ACAE2BE237}.Debug|x64.ActiveCfg = Debug|x64
		{2524DF46-27E2-490B-AE93-56ACAE2BE237}.Debug|x64.Build.0 = Debug|x64
		{2524DF46-27E2-490B-AE93-56ACAE2BE237}.Debug|x86.ActiveCfg = Debug|Win32
		{2524DF46-27E2-490B-AE93-56ACAE2BE237}.Debug|x86.Build.0 = Debug|Win32
		{2524DF46-27E2-490B-AE93-56ACAE2BE237}.Release|x64.ActiveCfg = Release|x64
		{2524DF46-27E2-490B-AE93-56ACAE2BE237}.Release|x64.Build.0 = Release|x64
		{2524DF46-27E2-490B-AE93-56ACAE2BE237}.Release|x86.ActiveCfg = Release|Win32
		{2524DF46-27E2-490B-AE93-56ACAE2BE237}.Release|x86.Build.0 = Release|Win32
	EndGlobalSection
	GlobalSection(SolutionProperties) = preSolution
		HideSolutionNode = FALSE
	EndGlobalSection
	GlobalSection(ExtensibilityGlobals) = postSolution
		SolutionGuid = {EF1F0DFC-DEE4-4ED3-AA6E-9D064D6FA657}
	EndGlobalSection
EndGlobal
