
Microsoft Visual Studio Solution File, Format Version 12.00
# Visual Studio Version 16
VisualStudioVersion = 16.0.30804.86
MinimumVisualStudioVersion = 10.0.40219.1
Project("{8BC9CEB8-8B4A-11D0-8D11-00A0C91BC942}") = "Element Appearing More Than 25 In Sorted Array 1287", "Element Appearing More Than 25 In Sorted Array 1287\Element Appearing More Than 25 In Sorted Array 1287.vcxproj", "{1834E158-1BCB-49CC-8E01-E8A0B6DDCCCA}"
EndProject
Global
	GlobalSection(SolutionConfigurationPlatforms) = preSolution
		Debug|x64 = Debug|x64
		Debug|x86 = Debug|x86
		Release|x64 = Release|x64
		Release|x86 = Release|x86
	EndGlobalSection
	GlobalSection(ProjectConfigurationPlatforms) = postSolution
		{1834E158-1BCB-49CC-8E01-E8A0B6DDCCCA}.Debug|x64.ActiveCfg = Debug|x64
		{1834E158-1BCB-49CC-8E01-E8A0B6DDCCCA}.Debug|x64.Build.0 = Debug|x64
		{1834E158-1BCB-49CC-8E01-E8A0B6DDCCCA}.Debug|x86.ActiveCfg = Debug|Win32
		{1834E158-1BCB-49CC-8E01-E8A0B6DDCCCA}.Debug|x86.Build.0 = Debug|Win32
		{1834E158-1BCB-49CC-8E01-E8A0B6DDCCCA}.Release|x64.ActiveCfg = Release|x64
		{1834E158-1BCB-49CC-8E01-E8A0B6DDCCCA}.Release|x64.Build.0 = Release|x64
		{1834E158-1BCB-49CC-8E01-E8A0B6DDCCCA}.Release|x86.ActiveCfg = Release|Win32
		{1834E158-1BCB-49CC-8E01-E8A0B6DDCCCA}.Release|x86.Build.0 = Release|Win32
	EndGlobalSection
	GlobalSection(SolutionProperties) = preSolution
		HideSolutionNode = FALSE
	EndGlobalSection
	GlobalSection(ExtensibilityGlobals) = postSolution
		SolutionGuid = {CAE64BB2-C0D1-4A54-B4E6-079F56605032}
	EndGlobalSection
EndGlobal
