
Microsoft Visual Studio Solution File, Format Version 12.00
# Visual Studio Version 16
VisualStudioVersion = 16.0.30804.86
MinimumVisualStudioVersion = 10.0.40219.1
Project("{8BC9CEB8-8B4A-11D0-8D11-00A0C91BC942}") = "Binary Prefix Divisible By 5 1018", "Binary Prefix Divisible By 5 1018\Binary Prefix Divisible By 5 1018.vcxproj", "{A6237C69-769F-4EF0-A72F-50D748BC5962}"
EndProject
Global
	GlobalSection(SolutionConfigurationPlatforms) = preSolution
		Debug|x64 = Debug|x64
		Debug|x86 = Debug|x86
		Release|x64 = Release|x64
		Release|x86 = Release|x86
	EndGlobalSection
	GlobalSection(ProjectConfigurationPlatforms) = postSolution
		{A6237C69-769F-4EF0-A72F-50D748BC5962}.Debug|x64.ActiveCfg = Debug|x64
		{A6237C69-769F-4EF0-A72F-50D748BC5962}.Debug|x64.Build.0 = Debug|x64
		{A6237C69-769F-4EF0-A72F-50D748BC5962}.Debug|x86.ActiveCfg = Debug|Win32
		{A6237C69-769F-4EF0-A72F-50D748BC5962}.Debug|x86.Build.0 = Debug|Win32
		{A6237C69-769F-4EF0-A72F-50D748BC5962}.Release|x64.ActiveCfg = Release|x64
		{A6237C69-769F-4EF0-A72F-50D748BC5962}.Release|x64.Build.0 = Release|x64
		{A6237C69-769F-4EF0-A72F-50D748BC5962}.Release|x86.ActiveCfg = Release|Win32
		{A6237C69-769F-4EF0-A72F-50D748BC5962}.Release|x86.Build.0 = Release|Win32
	EndGlobalSection
	GlobalSection(SolutionProperties) = preSolution
		HideSolutionNode = FALSE
	EndGlobalSection
	GlobalSection(ExtensibilityGlobals) = postSolution
		SolutionGuid = {41208D15-167C-403B-8378-B56A62F4C628}
	EndGlobalSection
EndGlobal
